{
  "version": 4,
  "terraform_version": "1.1.4",
  "serial": 118,
  "lineage": "920ef900-fb42-23c2-7ac5-aa016d8d0f5d",
  "outputs": {
    "router_name": {
      "value": {
        "cloud_router_1": "altimetrik-devrouter-1",
        "cloud_router_2": "altimetrik-devrouter-2"
      },
      "type": [
        "map",
        "string"
      ]
    },
    "vpc_id": {
      "value": {
        "network-01": "projects/double-skyline-367316/global/networks/altimetrik-axon-vpc",
        "network-02": "projects/double-skyline-367316/global/networks/altimetrik-hdfc-vpc"
      },
      "type": [
        "object",
        {
          "network-01": "string",
          "network-02": "string"
        }
      ]
    },
    "vpc_subnet_block_output": {
      "value": {
        "network-01": {
          "altimetrik-axon-subnet1": {
            "gateway_address": "10.0.0.1",
            "id": "projects/double-skyline-367316/regions/us-central1/subnetworks/altimetrik-axon-subnet1",
            "ip_cidr_range": "10.0.0.0/24",
            "log_config": [],
            "name": "altimetrik-axon-subnet1",
            "network": "https://www.googleapis.com/compute/v1/projects/double-skyline-367316/global/networks/altimetrik-axon-vpc",
            "project": "double-skyline-367316",
            "region": "us-central1",
            "secondary_ip_range": [],
            "subnet_key": "network-01-common_subnet"
          },
          "altimetrik-axon-vpc": {
            "gateway_ipv4": "",
            "id": "projects/double-skyline-367316/global/networks/altimetrik-axon-vpc",
            "name": "altimetrik-axon-vpc",
            "project": "double-skyline-367316",
            "routing_mode": "GLOBAL",
            "vpc_key": "network-01"
          }
        },
        "network-02": {
          "altimetrik-hdfc-subnet": {
            "gateway_address": "10.40.0.1",
            "id": "projects/double-skyline-367316/regions/us-central1/subnetworks/altimetrik-hdfc-subnet",
            "ip_cidr_range": "10.40.0.0/24",
            "log_config": [
              {
                "aggregation_interval": "INTERVAL_5_SEC",
                "filter_expr": "true",
                "flow_sampling": 1,
                "metadata": "EXCLUDE_ALL_METADATA",
                "metadata_fields": null
              }
            ],
            "name": "altimetrik-hdfc-subnet",
            "network": "https://www.googleapis.com/compute/v1/projects/double-skyline-367316/global/networks/altimetrik-hdfc-vpc",
            "project": "double-skyline-367316",
            "region": "us-central1",
            "secondary_ip_range": [],
            "subnet_key": "network-02-common_subnet"
          },
          "altimetrik-hdfc-vpc": {
            "gateway_ipv4": "",
            "id": "projects/double-skyline-367316/global/networks/altimetrik-hdfc-vpc",
            "name": "altimetrik-hdfc-vpc",
            "project": "double-skyline-367316",
            "routing_mode": "GLOBAL",
            "vpc_key": "network-02"
          }
        }
      },
      "type": [
        "object",
        {
          "network-01": [
            "object",
            {
              "altimetrik-axon-subnet1": [
                "object",
                {
                  "gateway_address": "string",
                  "id": "string",
                  "ip_cidr_range": "string",
                  "log_config": [
                    "list",
                    [
                      "object",
                      {
                        "aggregation_interval": "string",
                        "filter_expr": "string",
                        "flow_sampling": "number",
                        "metadata": "string",
                        "metadata_fields": [
                          "set",
                          "string"
                        ]
                      }
                    ]
                  ],
                  "name": "string",
                  "network": "string",
                  "project": "string",
                  "region": "string",
                  "secondary_ip_range": [
                    "list",
                    [
                      "object",
                      {
                        "ip_cidr_range": "string",
                        "range_name": "string"
                      }
                    ]
                  ],
                  "subnet_key": "string"
                }
              ],
              "altimetrik-axon-vpc": [
                "object",
                {
                  "gateway_ipv4": "string",
                  "id": "string",
                  "name": "string",
                  "project": "string",
                  "routing_mode": "string",
                  "vpc_key": "string"
                }
              ]
            }
          ],
          "network-02": [
            "object",
            {
              "altimetrik-hdfc-subnet": [
                "object",
                {
                  "gateway_address": "string",
                  "id": "string",
                  "ip_cidr_range": "string",
                  "log_config": [
                    "list",
                    [
                      "object",
                      {
                        "aggregation_interval": "string",
                        "filter_expr": "string",
                        "flow_sampling": "number",
                        "metadata": "string",
                        "metadata_fields": [
                          "set",
                          "string"
                        ]
                      }
                    ]
                  ],
                  "name": "string",
                  "network": "string",
                  "project": "string",
                  "region": "string",
                  "secondary_ip_range": [
                    "list",
                    [
                      "object",
                      {
                        "ip_cidr_range": "string",
                        "range_name": "string"
                      }
                    ]
                  ],
                  "subnet_key": "string"
                }
              ],
              "altimetrik-hdfc-vpc": [
                "object",
                {
                  "gateway_ipv4": "string",
                  "id": "string",
                  "name": "string",
                  "project": "string",
                  "routing_mode": "string",
                  "vpc_key": "string"
                }
              ]
            }
          ]
        }
      ]
    }
  },
  "resources": [
    {
      "module": "module.terraform-gcp-routers",
      "mode": "managed",
      "type": "google_compute_router",
      "name": "cloud_router_map",
      "provider": "provider[\"registry.terraform.io/hashicorp/google\"]",
      "instances": [
        {
          "index_key": "cloud_router_1",
          "schema_version": 0,
          "attributes": {
            "bgp": [
              {
                "advertise_mode": "CUSTOM",
                "advertised_groups": [
                  "ALL_SUBNETS"
                ],
                "advertised_ip_ranges": [
                  {
                    "description": "",
                    "range": "1.2.3.4"
                  },
                  {
                    "description": "",
                    "range": "6.7.0.0/16"
                  }
                ],
                "asn": 64512
              }
            ],
            "creation_timestamp": "2022-11-03T07:30:49.543-07:00",
            "description": "",
            "id": "projects/double-skyline-367316/regions/us-central1/routers/altimetrik-devrouter-1",
            "name": "altimetrik-devrouter-1",
            "network": "https://www.googleapis.com/compute/v1/projects/double-skyline-367316/global/networks/default",
            "project": "double-skyline-367316",
            "region": "us-central1",
            "self_link": "https://www.googleapis.com/compute/v1/projects/double-skyline-367316/regions/us-central1/routers/altimetrik-devrouter-1",
            "timeouts": null
          },
          "sensitive_attributes": [],
          "private": "eyJlMmJmYjczMC1lY2FhLTExZTYtOGY4OC0zNDM2M2JjN2M0YzAiOnsiY3JlYXRlIjoyNDAwMDAwMDAwMDAsImRlbGV0ZSI6MjQwMDAwMDAwMDAwLCJ1cGRhdGUiOjI0MDAwMDAwMDAwMH19"
        },
        {
          "index_key": "cloud_router_2",
          "schema_version": 0,
          "attributes": {
            "bgp": [
              {
                "advertise_mode": "CUSTOM",
                "advertised_groups": [
                  "ALL_SUBNETS"
                ],
                "advertised_ip_ranges": [
                  {
                    "description": "",
                    "range": "1.2.3.4"
                  },
                  {
                    "description": "",
                    "range": "6.7.0.0/16"
                  }
                ],
                "asn": 64513
              }
            ],
            "creation_timestamp": "2022-11-03T07:30:50.175-07:00",
            "description": "",
            "id": "projects/double-skyline-367316/regions/us-central1/routers/altimetrik-devrouter-2",
            "name": "altimetrik-devrouter-2",
            "network": "https://www.googleapis.com/compute/v1/projects/double-skyline-367316/global/networks/default",
            "project": "double-skyline-367316",
            "region": "us-central1",
            "self_link": "https://www.googleapis.com/compute/v1/projects/double-skyline-367316/regions/us-central1/routers/altimetrik-devrouter-2",
            "timeouts": null
          },
          "sensitive_attributes": [],
          "private": "eyJlMmJmYjczMC1lY2FhLTExZTYtOGY4OC0zNDM2M2JjN2M0YzAiOnsiY3JlYXRlIjoyNDAwMDAwMDAwMDAsImRlbGV0ZSI6MjQwMDAwMDAwMDAwLCJ1cGRhdGUiOjI0MDAwMDAwMDAwMH19"
        }
      ]
    },
    {
      "module": "module.terraform-gcp-subnet",
      "mode": "managed",
      "type": "google_compute_subnetwork",
      "name": "subnet-secondary-ip-ranges",
      "provider": "provider[\"registry.terraform.io/hashicorp/google\"]",
      "instances": [
        {
          "index_key": "network-01-common_subnet",
          "schema_version": 0,
          "attributes": {
            "creation_timestamp": "2022-11-03T07:31:15.004-07:00",
            "description": "",
            "external_ipv6_prefix": "",
            "fingerprint": null,
            "gateway_address": "10.0.0.1",
            "id": "projects/double-skyline-367316/regions/us-central1/subnetworks/altimetrik-axon-subnet1",
            "ip_cidr_range": "10.0.0.0/24",
            "ipv6_access_type": "",
            "ipv6_cidr_range": "",
            "log_config": [],
            "name": "altimetrik-axon-subnet1",
            "network": "https://www.googleapis.com/compute/v1/projects/double-skyline-367316/global/networks/altimetrik-axon-vpc",
            "private_ip_google_access": false,
            "private_ipv6_google_access": "DISABLE_GOOGLE_ACCESS",
            "project": "double-skyline-367316",
            "purpose": "INTERNAL_HTTPS_LOAD_BALANCER",
            "region": "us-central1",
            "role": "ACTIVE",
            "secondary_ip_range": [],
            "self_link": "https://www.googleapis.com/compute/v1/projects/double-skyline-367316/regions/us-central1/subnetworks/altimetrik-axon-subnet1",
            "stack_type": "",
            "timeouts": null
          },
          "sensitive_attributes": [],
          "private": "eyJlMmJmYjczMC1lY2FhLTExZTYtOGY4OC0zNDM2M2JjN2M0YzAiOnsiY3JlYXRlIjozNjAwMDAwMDAwMDAsImRlbGV0ZSI6MzYwMDAwMDAwMDAwLCJ1cGRhdGUiOjM2MDAwMDAwMDAwMH19",
          "dependencies": [
            "module.terraform-gcp-vpc.google_compute_network.vpc_network"
          ]
        },
        {
          "index_key": "network-02-common_subnet",
          "schema_version": 0,
          "attributes": {
            "creation_timestamp": "2022-11-03T07:31:15.124-07:00",
            "description": "",
            "external_ipv6_prefix": "",
            "fingerprint": null,
            "gateway_address": "10.40.0.1",
            "id": "projects/double-skyline-367316/regions/us-central1/subnetworks/altimetrik-hdfc-subnet",
            "ip_cidr_range": "10.40.0.0/24",
            "ipv6_access_type": "",
            "ipv6_cidr_range": "",
            "log_config": [
              {
                "aggregation_interval": "INTERVAL_5_SEC",
                "filter_expr": "true",
                "flow_sampling": 1,
                "metadata": "EXCLUDE_ALL_METADATA",
                "metadata_fields": null
              }
            ],
            "name": "altimetrik-hdfc-subnet",
            "network": "https://www.googleapis.com/compute/v1/projects/double-skyline-367316/global/networks/altimetrik-hdfc-vpc",
            "private_ip_google_access": true,
            "private_ipv6_google_access": "DISABLE_GOOGLE_ACCESS",
            "project": "double-skyline-367316",
            "purpose": "PRIVATE",
            "region": "us-central1",
            "role": "",
            "secondary_ip_range": [],
            "self_link": "https://www.googleapis.com/compute/v1/projects/double-skyline-367316/regions/us-central1/subnetworks/altimetrik-hdfc-subnet",
            "stack_type": "IPV4_ONLY",
            "timeouts": null
          },
          "sensitive_attributes": [],
          "private": "eyJlMmJmYjczMC1lY2FhLTExZTYtOGY4OC0zNDM2M2JjN2M0YzAiOnsiY3JlYXRlIjozNjAwMDAwMDAwMDAsImRlbGV0ZSI6MzYwMDAwMDAwMDAwLCJ1cGRhdGUiOjM2MDAwMDAwMDAwMH19",
          "dependencies": [
            "module.terraform-gcp-vpc.google_compute_network.vpc_network"
          ]
        }
      ]
    },
    {
      "module": "module.terraform-gcp-vpc",
      "mode": "managed",
      "type": "google_compute_network",
      "name": "vpc_network",
      "provider": "provider[\"registry.terraform.io/hashicorp/google\"]",
      "instances": [
        {
          "index_key": "network-01",
          "schema_version": 0,
          "attributes": {
            "auto_create_subnetworks": false,
            "delete_default_routes_on_create": true,
            "description": "",
            "gateway_ipv4": "",
            "id": "projects/double-skyline-367316/global/networks/altimetrik-axon-vpc",
            "mtu": 1460,
            "name": "altimetrik-axon-vpc",
            "project": "double-skyline-367316",
            "routing_mode": "GLOBAL",
            "self_link": "https://www.googleapis.com/compute/v1/projects/double-skyline-367316/global/networks/altimetrik-axon-vpc",
            "timeouts": null
          },
          "sensitive_attributes": [],
          "private": "eyJlMmJmYjczMC1lY2FhLTExZTYtOGY4OC0zNDM2M2JjN2M0YzAiOnsiY3JlYXRlIjoyNDAwMDAwMDAwMDAsImRlbGV0ZSI6MjQwMDAwMDAwMDAwLCJ1cGRhdGUiOjI0MDAwMDAwMDAwMH19"
        },
        {
          "index_key": "network-02",
          "schema_version": 0,
          "attributes": {
            "auto_create_subnetworks": false,
            "delete_default_routes_on_create": true,
            "description": "",
            "gateway_ipv4": "",
            "id": "projects/double-skyline-367316/global/networks/altimetrik-hdfc-vpc",
            "mtu": 1460,
            "name": "altimetrik-hdfc-vpc",
            "project": "double-skyline-367316",
            "routing_mode": "GLOBAL",
            "self_link": "https://www.googleapis.com/compute/v1/projects/double-skyline-367316/global/networks/altimetrik-hdfc-vpc",
            "timeouts": null
          },
          "sensitive_attributes": [],
          "private": "eyJlMmJmYjczMC1lY2FhLTExZTYtOGY4OC0zNDM2M2JjN2M0YzAiOnsiY3JlYXRlIjoyNDAwMDAwMDAwMDAsImRlbGV0ZSI6MjQwMDAwMDAwMDAwLCJ1cGRhdGUiOjI0MDAwMDAwMDAwMH19"
        }
      ]
    }
  ]
}
