{
  "version": 4,
  "terraform_version": "1.1.4",
  "serial": 8,
  "lineage": "d1999428-eec3-9f13-0154-81cdf3e199c1",
  "outputs": {},
  "resources": [
    {
      "module": "module.terraform-gcp-routers",
      "mode": "managed",
      "type": "google_compute_router",
      "name": "cloud_router_map",
      "provider": "provider[\"registry.terraform.io/hashicorp/google\"]",
      "instances": [
        {
          "index_key": "cloud_router_1",
          "schema_version": 0,
          "attributes": {
            "bgp": [
              {
                "advertise_mode": "CUSTOM",
                "advertised_groups": [
                  "ALL_SUBNETS"
                ],
                "advertised_ip_ranges": [
                  {
                    "description": "",
                    "range": "1.2.3.4"
                  },
                  {
                    "description": "",
                    "range": "6.7.0.0/16"
                  }
                ],
                "asn": 64512
              }
            ],
            "creation_timestamp": "2022-11-01T11:11:40.589-07:00",
            "description": "",
            "id": "projects/double-skyline-367316/regions/us-central1/routers/altimetrik-router-1",
            "name": "altimetrik-router-1",
            "network": "https://www.googleapis.com/compute/v1/projects/double-skyline-367316/global/networks/default",
            "project": "double-skyline-367316",
            "region": "us-central1",
            "self_link": "https://www.googleapis.com/compute/v1/projects/double-skyline-367316/regions/us-central1/routers/altimetrik-router-1",
            "timeouts": null
          },
          "sensitive_attributes": [],
          "private": "eyJlMmJmYjczMC1lY2FhLTExZTYtOGY4OC0zNDM2M2JjN2M0YzAiOnsiY3JlYXRlIjoyNDAwMDAwMDAwMDAsImRlbGV0ZSI6MjQwMDAwMDAwMDAwLCJ1cGRhdGUiOjI0MDAwMDAwMDAwMH19"
        },
        {
          "index_key": "cloud_router_2",
          "schema_version": 0,
          "attributes": {
            "bgp": [
              {
                "advertise_mode": "CUSTOM",
                "advertised_groups": [
                  "ALL_SUBNETS"
                ],
                "advertised_ip_ranges": [
                  {
                    "description": "",
                    "range": "1.2.3.4"
                  },
                  {
                    "description": "",
                    "range": "6.7.0.0/16"
                  }
                ],
                "asn": 64513
              }
            ],
            "creation_timestamp": "2022-11-01T11:11:40.814-07:00",
            "description": "",
            "id": "projects/double-skyline-367316/regions/us-central1/routers/altimetrik-router-2",
            "name": "altimetrik-router-2",
            "network": "https://www.googleapis.com/compute/v1/projects/double-skyline-367316/global/networks/default",
            "project": "double-skyline-367316",
            "region": "us-central1",
            "self_link": "https://www.googleapis.com/compute/v1/projects/double-skyline-367316/regions/us-central1/routers/altimetrik-router-2",
            "timeouts": null
          },
          "sensitive_attributes": [],
          "private": "eyJlMmJmYjczMC1lY2FhLTExZTYtOGY4OC0zNDM2M2JjN2M0YzAiOnsiY3JlYXRlIjoyNDAwMDAwMDAwMDAsImRlbGV0ZSI6MjQwMDAwMDAwMDAwLCJ1cGRhdGUiOjI0MDAwMDAwMDAwMH19"
        }
      ]
    }
  ]
}
